
Microsoft Visual Studio Solution File, Format Version 12.00
# Visual Studio Version 17
VisualStudioVersion = 17.9.34526.213
MinimumVisualStudioVersion = 10.0.40219.1
Project("{9A19103F-16F7-4668-BE54-9A1E7A4F7556}") = "BarRating", "BarRating\BarRating.csproj", "{C2CBCC25-DC1A-4363-AC4F-9858BB168773}"
EndProject
Global
	GlobalSection(SolutionConfigurationPlatforms) = preSolution
		Debug|Any CPU = Debug|Any CPU
		Release|Any CPU = Release|Any CPU
	EndGlobalSection
	GlobalSection(ProjectConfigurationPlatforms) = postSolution
		{C2CBCC25-DC1A-4363-AC4F-9858BB168773}.Debug|Any CPU.ActiveCfg = Debug|Any CPU
		{C2CBCC25-DC1A-4363-AC4F-9858BB168773}.Debug|Any CPU.Build.0 = Debug|Any CPU
		{C2CBCC25-DC1A-4363-AC4F-9858BB168773}.Release|Any CPU.ActiveCfg = Release|Any CPU
		{C2CBCC25-DC1A-4363-AC4F-9858BB168773}.Release|Any CPU.Build.0 = Release|Any CPU
	EndGlobalSection
	GlobalSection(SolutionProperties) = preSolution
		HideSolutionNode = FALSE
	EndGlobalSection
	GlobalSection(ExtensibilityGlobals) = postSolution
		SolutionGuid = {24950D05-9DD9-4EA7-8400-7BDEA3A6A517}
	EndGlobalSection
EndGlobal
